
Microsoft Visual Studio Solution File, Format Version 12.00
# Visual Studio 15
VisualStudioVersion = 15.0.28307.168
MinimumVisualStudioVersion = 10.0.40219.1
Project("{FAE04EC0-301F-11D3-BF4B-00C04F79EFBC}") = "PETAPP", "WindowsFormsApp1\PETAPP.csproj", "{CEAE16B1-1412-4955-BD68-D02CEE3831EE}"
EndProject
Global
	GlobalSection(SolutionConfigurationPlatforms) = preSolution
		Debug|Any CPU = Debug|Any CPU
		Release|Any CPU = Release|Any CPU
	EndGlobalSection
	GlobalSection(ProjectConfigurationPlatforms) = postSolution
		{CEAE16B1-1412-4955-BD68-D02CEE3831EE}.Debug|Any CPU.ActiveCfg = Debug|Any CPU
		{CEAE16B1-1412-4955-BD68-D02CEE3831EE}.Debug|Any CPU.Build.0 = Debug|Any CPU
		{CEAE16B1-1412-4955-BD68-D02CEE3831EE}.Release|Any CPU.ActiveCfg = Release|Any CPU
		{CEAE16B1-1412-4955-BD68-D02CEE3831EE}.Release|Any CPU.Build.0 = Release|Any CPU
	EndGlobalSection
	GlobalSection(SolutionProperties) = preSolution
		HideSolutionNode = FALSE
	EndGlobalSection
	GlobalSection(ExtensibilityGlobals) = postSolution
		SolutionGuid = {92AD1DA5-C5F3-480D-BC09-23B4A319CC48}
	EndGlobalSection
EndGlobal
